
Microsoft Visual Studio Solution File, Format Version 12.00
# Visual Studio Version 17
VisualStudioVersion = 17.11.35327.3
MinimumVisualStudioVersion = 10.0.40219.1
Project("{FAE04EC0-301F-11D3-BF4B-00C04F79EFBC}") = "PSSG Editor", "PSSG Editor.csproj", "{91C8596E-0C48-4ED7-A8FA-BC6950C20064}"
EndProject
Global
	GlobalSection(SolutionConfigurationPlatforms) = preSolution
		Debug|Any CPU = Debug|Any CPU
		Release|Any CPU = Release|Any CPU
	EndGlobalSection
	GlobalSection(ProjectConfigurationPlatforms) = postSolution
		{91C8596E-0C48-4ED7-A8FA-BC6950C20064}.Debug|Any CPU.ActiveCfg = Debug|Any CPU
		{91C8596E-0C48-4ED7-A8FA-BC6950C20064}.Debug|Any CPU.Build.0 = Debug|Any CPU
		{91C8596E-0C48-4ED7-A8FA-BC6950C20064}.Release|Any CPU.ActiveCfg = Release|Any CPU
		{91C8596E-0C48-4ED7-A8FA-BC6950C20064}.Release|Any CPU.Build.0 = Release|Any CPU
	EndGlobalSection
	GlobalSection(SolutionProperties) = preSolution
		HideSolutionNode = FALSE
	EndGlobalSection
	GlobalSection(ExtensibilityGlobals) = postSolution
		SolutionGuid = {38CBA235-6074-4508-8268-F16257F22C1A}
	EndGlobalSection
EndGlobal
